// !$*UTF8*$!
{
	archiveVersion = 1;
	classes = {
	};
	objectVersion = 77;
	objects = {

/* Begin PBXBuildFile section */
		741B95302D479F1600A0C9D3 /* MultiSlider in Frameworks */ = {isa = PBXBuildFile; productRef = 741B952F2D479F1600A0C9D3 /* MultiSlider */; };
		744D71802D5E62EE00C079E3 /* Lottie in Frameworks */ = {isa = PBXBuildFile; productRef = 744D717F2D5E62EE00C079E3 /* Lottie */; };
		744D71842D5E66BB00C079E3 /* animationSuccessfull.json in Resources */ = {isa = PBXBuildFile; fileRef = 744D71832D5E66BB00C079E3 /* animationSuccessfull.json */; };
		7454D0E92D5B7BB20042AF04 /* Toast in Frameworks */ = {isa = PBXBuildFile; productRef = 7454D0E82D5B7BB20042AF04 /* Toast */; };
		745AACDA2D50F0B60071A584 /* FastShopBackground.mp4 in Resources */ = {isa = PBXBuildFile; fileRef = 745AACD92D50F0B60071A584 /* FastShopBackground.mp4 */; };
		7462B9752D54ED1A002058A7 /* FirebaseAuth in Frameworks */ = {isa = PBXBuildFile; productRef = 7462B9742D54ED1A002058A7 /* FirebaseAuth */; };
		7462B9772D54ED1A002058A7 /* FirebaseCore in Frameworks */ = {isa = PBXBuildFile; productRef = 7462B9762D54ED1A002058A7 /* FirebaseCore */; };
		7462B9792D54ED1A002058A7 /* FirebaseDatabase in Frameworks */ = {isa = PBXBuildFile; productRef = 7462B9782D54ED1A002058A7 /* FirebaseDatabase */; };
		7462B97B2D54ED1A002058A7 /* FirebaseFirestore in Frameworks */ = {isa = PBXBuildFile; productRef = 7462B97A2D54ED1A002058A7 /* FirebaseFirestore */; };
/* End PBXBuildFile section */

/* Begin PBXFileReference section */
		744D71832D5E66BB00C079E3 /* animationSuccessfull.json */ = {isa = PBXFileReference; lastKnownFileType = text.json; path = animationSuccessfull.json; sourceTree = "<group>"; };
		745AACD92D50F0B60071A584 /* FastShopBackground.mp4 */ = {isa = PBXFileReference; lastKnownFileType = file; path = FastShopBackground.mp4; sourceTree = "<group>"; };
		748DEC2E2D2EAA1100EE76D3 /* Fast-Shop.app */ = {isa = PBXFileReference; explicitFileType = wrapper.application; includeInIndex = 0; path = "Fast-Shop.app"; sourceTree = BUILT_PRODUCTS_DIR; };
/* End PBXFileReference section */

/* Begin PBXFileSystemSynchronizedBuildFileExceptionSet section */
		744ADD4D2D64D5B9005F7FB4 /* Exceptions for "Fast-Shop" folder in "Fast-Shop" target */ = {
			isa = PBXFileSystemSynchronizedBuildFileExceptionSet;
			membershipExceptions = (
				Info.plist,
			);
			target = 748DEC2D2D2EAA1100EE76D3 /* Fast-Shop */;
		};
/* End PBXFileSystemSynchronizedBuildFileExceptionSet section */

/* Begin PBXFileSystemSynchronizedRootGroup section */
		748DEC302D2EAA1100EE76D3 /* Fast-Shop */ = {
			isa = PBXFileSystemSynchronizedRootGroup;
			exceptions = (
				744ADD4D2D64D5B9005F7FB4 /* Exceptions for "Fast-Shop" folder in "Fast-Shop" target */,
			);
			path = "Fast-Shop";
			sourceTree = "<group>";
		};
/* End PBXFileSystemSynchronizedRootGroup section */

/* Begin PBXFrameworksBuildPhase section */
		748DEC2B2D2EAA1100EE76D3 /* Frameworks */ = {
			isa = PBXFrameworksBuildPhase;
			buildActionMask = 2147483647;
			files = (
				7454D0E92D5B7BB20042AF04 /* Toast in Frameworks */,
				744D71802D5E62EE00C079E3 /* Lottie in Frameworks */,
				741B95302D479F1600A0C9D3 /* MultiSlider in Frameworks */,
				7462B9772D54ED1A002058A7 /* FirebaseCore in Frameworks */,
				7462B9792D54ED1A002058A7 /* FirebaseDatabase in Frameworks */,
				7462B97B2D54ED1A002058A7 /* FirebaseFirestore in Frameworks */,
				7462B9752D54ED1A002058A7 /* FirebaseAuth in Frameworks */,
			);
			runOnlyForDeploymentPostprocessing = 0;
		};
/* End PBXFrameworksBuildPhase section */

/* Begin PBXGroup section */
		748DEC252D2EAA1100EE76D3 = {
			isa = PBXGroup;
			children = (
				748DEC302D2EAA1100EE76D3 /* Fast-Shop */,
				748DEC2F2D2EAA1100EE76D3 /* Products */,
				745AACD92D50F0B60071A584 /* FastShopBackground.mp4 */,
				744D71832D5E66BB00C079E3 /* animationSuccessfull.json */,
			);
			sourceTree = "<group>";
		};
		748DEC2F2D2EAA1100EE76D3 /* Products */ = {
			isa = PBXGroup;
			children = (
				748DEC2E2D2EAA1100EE76D3 /* Fast-Shop.app */,
			);
			name = Products;
			sourceTree = "<group>";
		};
/* End PBXGroup section */

/* Begin PBXNativeTarget section */
		748DEC2D2D2EAA1100EE76D3 /* Fast-Shop */ = {
			isa = PBXNativeTarget;
			buildConfigurationList = 748DEC3C2D2EAA1200EE76D3 /* Build configuration list for PBXNativeTarget "Fast-Shop" */;
			buildPhases = (
				748DEC2A2D2EAA1100EE76D3 /* Sources */,
				748DEC2B2D2EAA1100EE76D3 /* Frameworks */,
				748DEC2C2D2EAA1100EE76D3 /* Resources */,
			);
			buildRules = (
			);
			dependencies = (
			);
			fileSystemSynchronizedGroups = (
				748DEC302D2EAA1100EE76D3 /* Fast-Shop */,
			);
			name = "Fast-Shop";
			packageProductDependencies = (
				741B952F2D479F1600A0C9D3 /* MultiSlider */,
				7462B9742D54ED1A002058A7 /* FirebaseAuth */,
				7462B9762D54ED1A002058A7 /* FirebaseCore */,
				7462B9782D54ED1A002058A7 /* FirebaseDatabase */,
				7462B97A2D54ED1A002058A7 /* FirebaseFirestore */,
				7454D0E82D5B7BB20042AF04 /* Toast */,
				744D717F2D5E62EE00C079E3 /* Lottie */,
			);
			productName = "Fast-Shop";
			productReference = 748DEC2E2D2EAA1100EE76D3 /* Fast-Shop.app */;
			productType = "com.apple.product-type.application";
		};
/* End PBXNativeTarget section */

/* Begin PBXProject section */
		748DEC262D2EAA1100EE76D3 /* Project object */ = {
			isa = PBXProject;
			attributes = {
				BuildIndependentTargetsInParallel = 1;
				LastSwiftUpdateCheck = 1620;
				LastUpgradeCheck = 1620;
				TargetAttributes = {
					748DEC2D2D2EAA1100EE76D3 = {
						CreatedOnToolsVersion = 16.2;
					};
				};
			};
			buildConfigurationList = 748DEC292D2EAA1100EE76D3 /* Build configuration list for PBXProject "Fast-Shop" */;
			developmentRegion = en;
			hasScannedForEncodings = 0;
			knownRegions = (
				en,
				Base,
			);
			mainGroup = 748DEC252D2EAA1100EE76D3;
			minimizedProjectReferenceProxies = 1;
			packageReferences = (
				741B952E2D479F1600A0C9D3 /* XCRemoteSwiftPackageReference "MultiSlider" */,
				7462B9732D54ED1A002058A7 /* XCRemoteSwiftPackageReference "firebase-ios-sdk" */,
				7454D0E72D5B7BB20042AF04 /* XCRemoteSwiftPackageReference "toast-swift" */,
				744D717E2D5E62EE00C079E3 /* XCRemoteSwiftPackageReference "lottie-spm" */,
			);
			preferredProjectObjectVersion = 77;
			productRefGroup = 748DEC2F2D2EAA1100EE76D3 /* Products */;
			projectDirPath = "";
			projectRoot = "";
			targets = (
				748DEC2D2D2EAA1100EE76D3 /* Fast-Shop */,
			);
		};
/* End PBXProject section */

/* Begin PBXResourcesBuildPhase section */
		748DEC2C2D2EAA1100EE76D3 /* Resources */ = {
			isa = PBXResourcesBuildPhase;
			buildActionMask = 2147483647;
			files = (
				745AACDA2D50F0B60071A584 /* FastShopBackground.mp4 in Resources */,
				744D71842D5E66BB00C079E3 /* animationSuccessfull.json in Resources */,
			);
			runOnlyForDeploymentPostprocessing = 0;
		};
/* End PBXResourcesBuildPhase section */

/* Begin PBXSourcesBuildPhase section */
		748DEC2A2D2EAA1100EE76D3 /* Sources */ = {
			isa = PBXSourcesBuildPhase;
			buildActionMask = 2147483647;
			files = (
			);
			runOnlyForDeploymentPostprocessing = 0;
		};
/* End PBXSourcesBuildPhase section */

/* Begin XCBuildConfiguration section */
		748DEC3A2D2EAA1200EE76D3 /* Debug */ = {
			isa = XCBuildConfiguration;
			buildSettings = {
				ALWAYS_SEARCH_USER_PATHS = NO;
				ASSETCATALOG_COMPILER_GENERATE_SWIFT_ASSET_SYMBOL_EXTENSIONS = YES;
				CLANG_ANALYZER_NONNULL = YES;
				CLANG_ANALYZER_NUMBER_OBJECT_CONVERSION = YES_AGGRESSIVE;
				CLANG_CXX_LANGUAGE_STANDARD = "gnu++20";
				CLANG_ENABLE_MODULES = YES;
				CLANG_ENABLE_OBJC_ARC = YES;
				CLANG_ENABLE_OBJC_WEAK = YES;
				CLANG_WARN_BLOCK_CAPTURE_AUTORELEASING = YES;
				CLANG_WARN_BOOL_CONVERSION = YES;
				CLANG_WARN_COMMA = YES;
				CLANG_WARN_CONSTANT_CONVERSION = YES;
				CLANG_WARN_DEPRECATED_OBJC_IMPLEMENTATIONS = YES;
				CLANG_WARN_DIRECT_OBJC_ISA_USAGE = YES_ERROR;
				CLANG_WARN_DOCUMENTATION_COMMENTS = YES;
				CLANG_WARN_EMPTY_BODY = YES;
				CLANG_WARN_ENUM_CONVERSION = YES;
				CLANG_WARN_INFINITE_RECURSION = YES;
				CLANG_WARN_INT_CONVERSION = YES;
				CLANG_WARN_NON_LITERAL_NULL_CONVERSION = YES;
				CLANG_WARN_OBJC_IMPLICIT_RETAIN_SELF = YES;
				CLANG_WARN_OBJC_LITERAL_CONVERSION = YES;
				CLANG_WARN_OBJC_ROOT_CLASS = YES_ERROR;
				CLANG_WARN_QUOTED_INCLUDE_IN_FRAMEWORK_HEADER = YES;
				CLANG_WARN_RANGE_LOOP_ANALYSIS = YES;
				CLANG_WARN_STRICT_PROTOTYPES = YES;
				CLANG_WARN_SUSPICIOUS_MOVE = YES;
				CLANG_WARN_UNGUARDED_AVAILABILITY = YES_AGGRESSIVE;
				CLANG_WARN_UNREACHABLE_CODE = YES;
				CLANG_WARN__DUPLICATE_METHOD_MATCH = YES;
				COPY_PHASE_STRIP = NO;
				DEBUG_INFORMATION_FORMAT = dwarf;
				ENABLE_STRICT_OBJC_MSGSEND = YES;
				ENABLE_TESTABILITY = YES;
				ENABLE_USER_SCRIPT_SANDBOXING = YES;
				GCC_C_LANGUAGE_STANDARD = gnu17;
				GCC_DYNAMIC_NO_PIC = NO;
				GCC_NO_COMMON_BLOCKS = YES;
				GCC_OPTIMIZATION_LEVEL = 0;
				GCC_PREPROCESSOR_DEFINITIONS = (
					"DEBUG=1",
					"$(inherited)",
				);
				GCC_WARN_64_TO_32_BIT_CONVERSION = YES;
				GCC_WARN_ABOUT_RETURN_TYPE = YES_ERROR;
				GCC_WARN_UNDECLARED_SELECTOR = YES;
				GCC_WARN_UNINITIALIZED_AUTOS = YES_AGGRESSIVE;
				GCC_WARN_UNUSED_FUNCTION = YES;
				GCC_WARN_UNUSED_VARIABLE = YES;
				IPHONEOS_DEPLOYMENT_TARGET = 18.2;
				LOCALIZATION_PREFERS_STRING_CATALOGS = YES;
				MTL_ENABLE_DEBUG_INFO = INCLUDE_SOURCE;
				MTL_FAST_MATH = YES;
				ONLY_ACTIVE_ARCH = YES;
				SDKROOT = iphoneos;
				SWIFT_ACTIVE_COMPILATION_CONDITIONS = "DEBUG $(inherited)";
				SWIFT_OPTIMIZATION_LEVEL = "-Onone";
			};
			name = Debug;
		};
		748DEC3B2D2EAA1200EE76D3 /* Release */ = {
			isa = XCBuildConfiguration;
			buildSettings = {
				ALWAYS_SEARCH_USER_PATHS = NO;
				ASSETCATALOG_COMPILER_GENERATE_SWIFT_ASSET_SYMBOL_EXTENSIONS = YES;
				CLANG_ANALYZER_NONNULL = YES;
				CLANG_ANALYZER_NUMBER_OBJECT_CONVERSION = YES_AGGRESSIVE;
				CLANG_CXX_LANGUAGE_STANDARD = "gnu++20";
				CLANG_ENABLE_MODULES = YES;
				CLANG_ENABLE_OBJC_ARC = YES;
				CLANG_ENABLE_OBJC_WEAK = YES;
				CLANG_WARN_BLOCK_CAPTURE_AUTORELEASING = YES;
				CLANG_WARN_BOOL_CONVERSION = YES;
				CLANG_WARN_COMMA = YES;
				CLANG_WARN_CONSTANT_CONVERSION = YES;
				CLANG_WARN_DEPRECATED_OBJC_IMPLEMENTATIONS = YES;
				CLANG_WARN_DIRECT_OBJC_ISA_USAGE = YES_ERROR;
				CLANG_WARN_DOCUMENTATION_COMMENTS = YES;
				CLANG_WARN_EMPTY_BODY = YES;
				CLANG_WARN_ENUM_CONVERSION = YES;
				CLANG_WARN_INFINITE_RECURSION = YES;
				CLANG_WARN_INT_CONVERSION = YES;
				CLANG_WARN_NON_LITERAL_NULL_CONVERSION = YES;
				CLANG_WARN_OBJC_IMPLICIT_RETAIN_SELF = YES;
				CLANG_WARN_OBJC_LITERAL_CONVERSION = YES;
				CLANG_WARN_OBJC_ROOT_CLASS = YES_ERROR;
				CLANG_WARN_QUOTED_INCLUDE_IN_FRAMEWORK_HEADER = YES;
				CLANG_WARN_RANGE_LOOP_ANALYSIS = YES;
				CLANG_WARN_STRICT_PROTOTYPES = YES;
				CLANG_WARN_SUSPICIOUS_MOVE = YES;
				CLANG_WARN_UNGUARDED_AVAILABILITY = YES_AGGRESSIVE;
				CLANG_WARN_UNREACHABLE_CODE = YES;
				CLANG_WARN__DUPLICATE_METHOD_MATCH = YES;
				COPY_PHASE_STRIP = NO;
				DEBUG_INFORMATION_FORMAT = "dwarf-with-dsym";
				ENABLE_NS_ASSERTIONS = NO;
				ENABLE_STRICT_OBJC_MSGSEND = YES;
				ENABLE_USER_SCRIPT_SANDBOXING = YES;
				GCC_C_LANGUAGE_STANDARD = gnu17;
				GCC_NO_COMMON_BLOCKS = YES;
				GCC_WARN_64_TO_32_BIT_CONVERSION = YES;
				GCC_WARN_ABOUT_RETURN_TYPE = YES_ERROR;
				GCC_WARN_UNDECLARED_SELECTOR = YES;
				GCC_WARN_UNINITIALIZED_AUTOS = YES_AGGRESSIVE;
				GCC_WARN_UNUSED_FUNCTION = YES;
				GCC_WARN_UNUSED_VARIABLE = YES;
				IPHONEOS_DEPLOYMENT_TARGET = 18.2;
				LOCALIZATION_PREFERS_STRING_CATALOGS = YES;
				MTL_ENABLE_DEBUG_INFO = NO;
				MTL_FAST_MATH = YES;
				SDKROOT = iphoneos;
				SWIFT_COMPILATION_MODE = wholemodule;
				VALIDATE_PRODUCT = YES;
			};
			name = Release;
		};
		748DEC3D2D2EAA1200EE76D3 /* Debug */ = {
			isa = XCBuildConfiguration;
			buildSettings = {
				ASSETCATALOG_COMPILER_APPICON_NAME = AppIcon;
				ASSETCATALOG_COMPILER_GLOBAL_ACCENT_COLOR_NAME = AccentColor;
				CODE_SIGN_STYLE = Automatic;
				CURRENT_PROJECT_VERSION = 1;
				DEVELOPMENT_ASSET_PATHS = "\"Fast-Shop/Preview Content\"";
				DEVELOPMENT_TEAM = JCB2N2AHH4;
				ENABLE_PREVIEWS = YES;
				GENERATE_INFOPLIST_FILE = YES;
				INFOPLIST_FILE = "Fast-Shop/Info.plist";
				INFOPLIST_KEY_UIApplicationSceneManifest_Generation = YES;
				INFOPLIST_KEY_UIApplicationSupportsIndirectInputEvents = YES;
				INFOPLIST_KEY_UILaunchScreen_Generation = YES;
				INFOPLIST_KEY_UISupportedInterfaceOrientations = UIInterfaceOrientationPortrait;
				INFOPLIST_KEY_UISupportedInterfaceOrientations_iPad = "UIInterfaceOrientationLandscapeLeft UIInterfaceOrientationLandscapeRight UIInterfaceOrientationPortrait UIInterfaceOrientationPortraitUpsideDown";
				LD_RUNPATH_SEARCH_PATHS = (
					"$(inherited)",
					"@executable_path/Frameworks",
				);
				MARKETING_VERSION = 1.0;
				PRODUCT_BUNDLE_IDENTIFIER = "com.francesco.Fast-Shop";
				PRODUCT_NAME = "$(TARGET_NAME)";
				SUPPORTED_PLATFORMS = "iphoneos iphonesimulator";
				SUPPORTS_MACCATALYST = NO;
				SUPPORTS_MAC_DESIGNED_FOR_IPHONE_IPAD = NO;
				SUPPORTS_XR_DESIGNED_FOR_IPHONE_IPAD = NO;
				SWIFT_EMIT_LOC_STRINGS = YES;
				SWIFT_VERSION = 5.0;
				TARGETED_DEVICE_FAMILY = 1;
			};
			name = Debug;
		};
		748DEC3E2D2EAA1200EE76D3 /* Release */ = {
			isa = XCBuildConfiguration;
			buildSettings = {
				ASSETCATALOG_COMPILER_APPICON_NAME = AppIcon;
				ASSETCATALOG_COMPILER_GLOBAL_ACCENT_COLOR_NAME = AccentColor;
				CODE_SIGN_STYLE = Automatic;
				CURRENT_PROJECT_VERSION = 1;
				DEVELOPMENT_ASSET_PATHS = "\"Fast-Shop/Preview Content\"";
				DEVELOPMENT_TEAM = JCB2N2AHH4;
				ENABLE_PREVIEWS = YES;
				GENERATE_INFOPLIST_FILE = YES;
				INFOPLIST_FILE = "Fast-Shop/Info.plist";
				INFOPLIST_KEY_UIApplicationSceneManifest_Generation = YES;
				INFOPLIST_KEY_UIApplicationSupportsIndirectInputEvents = YES;
				INFOPLIST_KEY_UILaunchScreen_Generation = YES;
				INFOPLIST_KEY_UISupportedInterfaceOrientations = UIInterfaceOrientationPortrait;
				INFOPLIST_KEY_UISupportedInterfaceOrientations_iPad = "UIInterfaceOrientationLandscapeLeft UIInterfaceOrientationLandscapeRight UIInterfaceOrientationPortrait UIInterfaceOrientationPortraitUpsideDown";
				LD_RUNPATH_SEARCH_PATHS = (
					"$(inherited)",
					"@executable_path/Frameworks",
				);
				MARKETING_VERSION = 1.0;
				PRODUCT_BUNDLE_IDENTIFIER = "com.francesco.Fast-Shop";
				PRODUCT_NAME = "$(TARGET_NAME)";
				SUPPORTED_PLATFORMS = "iphoneos iphonesimulator";
				SUPPORTS_MACCATALYST = NO;
				SUPPORTS_MAC_DESIGNED_FOR_IPHONE_IPAD = NO;
				SUPPORTS_XR_DESIGNED_FOR_IPHONE_IPAD = NO;
				SWIFT_EMIT_LOC_STRINGS = YES;
				SWIFT_VERSION = 5.0;
				TARGETED_DEVICE_FAMILY = 1;
			};
			name = Release;
		};
/* End XCBuildConfiguration section */

/* Begin XCConfigurationList section */
		748DEC292D2EAA1100EE76D3 /* Build configuration list for PBXProject "Fast-Shop" */ = {
			isa = XCConfigurationList;
			buildConfigurations = (
				748DEC3A2D2EAA1200EE76D3 /* Debug */,
				748DEC3B2D2EAA1200EE76D3 /* Release */,
			);
			defaultConfigurationIsVisible = 0;
			defaultConfigurationName = Release;
		};
		748DEC3C2D2EAA1200EE76D3 /* Build configuration list for PBXNativeTarget "Fast-Shop" */ = {
			isa = XCConfigurationList;
			buildConfigurations = (
				748DEC3D2D2EAA1200EE76D3 /* Debug */,
				748DEC3E2D2EAA1200EE76D3 /* Release */,
			);
			defaultConfigurationIsVisible = 0;
			defaultConfigurationName = Release;
		};
/* End XCConfigurationList section */

/* Begin XCRemoteSwiftPackageReference section */
		741B952E2D479F1600A0C9D3 /* XCRemoteSwiftPackageReference "MultiSlider" */ = {
			isa = XCRemoteSwiftPackageReference;
			repositoryURL = "https://github.com/yonat/MultiSlider";
			requirement = {
				kind = upToNextMajorVersion;
				minimumVersion = 2.2.0;
			};
		};
		744D717E2D5E62EE00C079E3 /* XCRemoteSwiftPackageReference "lottie-spm" */ = {
			isa = XCRemoteSwiftPackageReference;
			repositoryURL = "https://github.com/airbnb/lottie-spm.git";
			requirement = {
				kind = upToNextMajorVersion;
				minimumVersion = 4.5.1;
			};
		};
		7454D0E72D5B7BB20042AF04 /* XCRemoteSwiftPackageReference "toast-swift" */ = {
			isa = XCRemoteSwiftPackageReference;
			repositoryURL = "https://github.com/BastiaanJansen/toast-swift.git";
			requirement = {
				kind = upToNextMajorVersion;
				minimumVersion = 2.1.3;
			};
		};
		7462B9732D54ED1A002058A7 /* XCRemoteSwiftPackageReference "firebase-ios-sdk" */ = {
			isa = XCRemoteSwiftPackageReference;
			repositoryURL = "https://github.com/firebase/firebase-ios-sdk";
			requirement = {
				kind = upToNextMajorVersion;
				minimumVersion = 11.8.1;
			};
		};
/* End XCRemoteSwiftPackageReference section */

/* Begin XCSwiftPackageProductDependency section */
		741B952F2D479F1600A0C9D3 /* MultiSlider */ = {
			isa = XCSwiftPackageProductDependency;
			package = 741B952E2D479F1600A0C9D3 /* XCRemoteSwiftPackageReference "MultiSlider" */;
			productName = MultiSlider;
		};
		744D717F2D5E62EE00C079E3 /* Lottie */ = {
			isa = XCSwiftPackageProductDependency;
			package = 744D717E2D5E62EE00C079E3 /* XCRemoteSwiftPackageReference "lottie-spm" */;
			productName = Lottie;
		};
		7454D0E82D5B7BB20042AF04 /* Toast */ = {
			isa = XCSwiftPackageProductDependency;
			package = 7454D0E72D5B7BB20042AF04 /* XCRemoteSwiftPackageReference "toast-swift" */;
			productName = Toast;
		};
		7462B9742D54ED1A002058A7 /* FirebaseAuth */ = {
			isa = XCSwiftPackageProductDependency;
			package = 7462B9732D54ED1A002058A7 /* XCRemoteSwiftPackageReference "firebase-ios-sdk" */;
			productName = FirebaseAuth;
		};
		7462B9762D54ED1A002058A7 /* FirebaseCore */ = {
			isa = XCSwiftPackageProductDependency;
			package = 7462B9732D54ED1A002058A7 /* XCRemoteSwiftPackageReference "firebase-ios-sdk" */;
			productName = FirebaseCore;
		};
		7462B9782D54ED1A002058A7 /* FirebaseDatabase */ = {
			isa = XCSwiftPackageProductDependency;
			package = 7462B9732D54ED1A002058A7 /* XCRemoteSwiftPackageReference "firebase-ios-sdk" */;
			productName = FirebaseDatabase;
		};
		7462B97A2D54ED1A002058A7 /* FirebaseFirestore */ = {
			isa = XCSwiftPackageProductDependency;
			package = 7462B9732D54ED1A002058A7 /* XCRemoteSwiftPackageReference "firebase-ios-sdk" */;
			productName = FirebaseFirestore;
		};
/* End XCSwiftPackageProductDependency section */
	};
	rootObject = 748DEC262D2EAA1100EE76D3 /* Project object */;
}
